
Microsoft Visual Studio Solution File, Format Version 12.00
# Visual Studio Version 16
VisualStudioVersion = 16.0.34601.136
MinimumVisualStudioVersion = 10.0.40219.1
Project("{FAE04EC0-301F-11D3-BF4B-00C04F79EFBC}") = "correios", "correios\correios.csproj", "{2F79A990-7BF0-4464-BC92-9799E64E9CC3}"
EndProject
Global
	GlobalSection(SolutionConfigurationPlatforms) = preSolution
		Debug|Any CPU = Debug|Any CPU
		Release|Any CPU = Release|Any CPU
	EndGlobalSection
	GlobalSection(ProjectConfigurationPlatforms) = postSolution
		{2F79A990-7BF0-4464-BC92-9799E64E9CC3}.Debug|Any CPU.ActiveCfg = Debug|Any CPU
		{2F79A990-7BF0-4464-BC92-9799E64E9CC3}.Debug|Any CPU.Build.0 = Debug|Any CPU
		{2F79A990-7BF0-4464-BC92-9799E64E9CC3}.Release|Any CPU.ActiveCfg = Release|Any CPU
		{2F79A990-7BF0-4464-BC92-9799E64E9CC3}.Release|Any CPU.Build.0 = Release|Any CPU
	EndGlobalSection
	GlobalSection(SolutionProperties) = preSolution
		HideSolutionNode = FALSE
	EndGlobalSection
	GlobalSection(ExtensibilityGlobals) = postSolution
		SolutionGuid = {C2931D0D-36EC-489F-BE6A-9F576297767F}
	EndGlobalSection
EndGlobal
